
Microsoft Visual Studio Solution File, Format Version 12.00
# Visual Studio Version 17
VisualStudioVersion = 17.4.33205.214
MinimumVisualStudioVersion = 10.0.40219.1
Project("{FAE04EC0-301F-11D3-BF4B-00C04F79EFBC}") = "AuthenticationAPI", "AuthenticationAPI\AuthenticationAPI.csproj", "{07A38114-A7EB-4C05-B11C-F69334506561}"
EndProject
Global
	GlobalSection(SolutionConfigurationPlatforms) = preSolution
		Debug|Any CPU = Debug|Any CPU
		Release|Any CPU = Release|Any CPU
	EndGlobalSection
	GlobalSection(ProjectConfigurationPlatforms) = postSolution
		{07A38114-A7EB-4C05-B11C-F69334506561}.Debug|Any CPU.ActiveCfg = Debug|Any CPU
		{07A38114-A7EB-4C05-B11C-F69334506561}.Debug|Any CPU.Build.0 = Debug|Any CPU
		{07A38114-A7EB-4C05-B11C-F69334506561}.Release|Any CPU.ActiveCfg = Release|Any CPU
		{07A38114-A7EB-4C05-B11C-F69334506561}.Release|Any CPU.Build.0 = Release|Any CPU
	EndGlobalSection
	GlobalSection(SolutionProperties) = preSolution
		HideSolutionNode = FALSE
	EndGlobalSection
	GlobalSection(ExtensibilityGlobals) = postSolution
		SolutionGuid = {7390D619-B953-472A-A873-83047C88D77A}
	EndGlobalSection
EndGlobal
